
Microsoft Visual Studio Solution File, Format Version 12.00
Project("{FAE04EC0-301F-11D3-BF4B-00C04F79EFBC}") = "Maga", "Maga\Maga.csproj", "{1297EBDB-1370-4F14-845F-F94108D2C07B}"
EndProject
Global
	GlobalSection(SolutionConfigurationPlatforms) = preSolution
		Debug|Any CPU = Debug|Any CPU
		Release|Any CPU = Release|Any CPU
	EndGlobalSection
	GlobalSection(ProjectConfigurationPlatforms) = postSolution
		{1297EBDB-1370-4F14-845F-F94108D2C07B}.Debug|Any CPU.ActiveCfg = Debug|Any CPU
		{1297EBDB-1370-4F14-845F-F94108D2C07B}.Debug|Any CPU.Build.0 = Debug|Any CPU
		{1297EBDB-1370-4F14-845F-F94108D2C07B}.Release|Any CPU.ActiveCfg = Release|Any CPU
		{1297EBDB-1370-4F14-845F-F94108D2C07B}.Release|Any CPU.Build.0 = Release|Any CPU
	EndGlobalSection
EndGlobal
