
Microsoft Visual Studio Solution File, Format Version 12.00
Project("{FAE04EC0-301F-11D3-BF4B-00C04F79EFBC}") = "Logic", "Logic\Logic.csproj", "{1297EBDB-1370-4F14-845F-F94108D2C07B}"
EndProject
Project("{FAE04EC0-301F-11D3-BF4B-00C04F79EFBC}") = "Api", "Api\Api.csproj", "{D6F3925E-DE82-4B54-9B80-BC5AB2114D6C}"
EndProject
Project("{FAE04EC0-301F-11D3-BF4B-00C04F79EFBC}") = "Dal", "Dal\Dal.csproj", "{47B68040-E15B-4712-A7F8-A0B9F1662343}"
EndProject
Project("{2150E333-8FDC-42A3-9474-1A3956D46DE8}") = "ProfieApi", "ProfieApi", "{04049E2E-6860-4436-889D-150ED2EC89B1}"
EndProject
Project("{2150E333-8FDC-42A3-9474-1A3956D46DE8}") = "Libs", "Libs", "{4E5CCFA4-DFDF-4C80-832C-1333E35711D8}"
EndProject
Project("{FAE04EC0-301F-11D3-BF4B-00C04F79EFBC}") = "Core", "Core\Core.csproj", "{4E0E8F81-4E4C-4DB6-81FB-638426E46187}"
EndProject
Global
	GlobalSection(SolutionConfigurationPlatforms) = preSolution
		Debug|Any CPU = Debug|Any CPU
		Release|Any CPU = Release|Any CPU
	EndGlobalSection
	GlobalSection(ProjectConfigurationPlatforms) = postSolution
		{1297EBDB-1370-4F14-845F-F94108D2C07B}.Debug|Any CPU.ActiveCfg = Debug|Any CPU
		{1297EBDB-1370-4F14-845F-F94108D2C07B}.Debug|Any CPU.Build.0 = Debug|Any CPU
		{1297EBDB-1370-4F14-845F-F94108D2C07B}.Release|Any CPU.ActiveCfg = Release|Any CPU
		{1297EBDB-1370-4F14-845F-F94108D2C07B}.Release|Any CPU.Build.0 = Release|Any CPU
		{D6F3925E-DE82-4B54-9B80-BC5AB2114D6C}.Debug|Any CPU.ActiveCfg = Debug|Any CPU
		{D6F3925E-DE82-4B54-9B80-BC5AB2114D6C}.Debug|Any CPU.Build.0 = Debug|Any CPU
		{D6F3925E-DE82-4B54-9B80-BC5AB2114D6C}.Release|Any CPU.ActiveCfg = Release|Any CPU
		{D6F3925E-DE82-4B54-9B80-BC5AB2114D6C}.Release|Any CPU.Build.0 = Release|Any CPU
		{47B68040-E15B-4712-A7F8-A0B9F1662343}.Debug|Any CPU.ActiveCfg = Debug|Any CPU
		{47B68040-E15B-4712-A7F8-A0B9F1662343}.Debug|Any CPU.Build.0 = Debug|Any CPU
		{47B68040-E15B-4712-A7F8-A0B9F1662343}.Release|Any CPU.ActiveCfg = Release|Any CPU
		{47B68040-E15B-4712-A7F8-A0B9F1662343}.Release|Any CPU.Build.0 = Release|Any CPU
		{4E0E8F81-4E4C-4DB6-81FB-638426E46187}.Debug|Any CPU.ActiveCfg = Debug|Any CPU
		{4E0E8F81-4E4C-4DB6-81FB-638426E46187}.Debug|Any CPU.Build.0 = Debug|Any CPU
		{4E0E8F81-4E4C-4DB6-81FB-638426E46187}.Release|Any CPU.ActiveCfg = Release|Any CPU
		{4E0E8F81-4E4C-4DB6-81FB-638426E46187}.Release|Any CPU.Build.0 = Release|Any CPU
	EndGlobalSection
	GlobalSection(NestedProjects) = preSolution
		{1297EBDB-1370-4F14-845F-F94108D2C07B} = {04049E2E-6860-4436-889D-150ED2EC89B1}
		{47B68040-E15B-4712-A7F8-A0B9F1662343} = {04049E2E-6860-4436-889D-150ED2EC89B1}
		{D6F3925E-DE82-4B54-9B80-BC5AB2114D6C} = {04049E2E-6860-4436-889D-150ED2EC89B1}
		{4E0E8F81-4E4C-4DB6-81FB-638426E46187} = {4E5CCFA4-DFDF-4C80-832C-1333E35711D8}
	EndGlobalSection
EndGlobal
